
Microsoft Visual Studio Solution File, Format Version 12.00
# Visual Studio Version 17
VisualStudioVersion = 17.7.34202.233
MinimumVisualStudioVersion = 10.0.40219.1
Project("{FAE04EC0-301F-11D3-BF4B-00C04F79EFBC}") = "MyWebApplication", "MyWebApplication\MyWebApplication.csproj", "{A3B9C2AF-C2E3-4AAC-A654-63073146DB13}"
EndProject
Project("{2150E333-8FDC-42A3-9474-1A3956D46DE8}") = "Controller", "Controller", "{539A1165-ADFA-4908-824D-ABA29D00DAC2}"
EndProject
Project("{2150E333-8FDC-42A3-9474-1A3956D46DE8}") = "Domain", "Domain", "{29EC6264-62E2-4D7C-A89A-88C2CDB2A6DC}"
EndProject
Project("{FAE04EC0-301F-11D3-BF4B-00C04F79EFBC}") = "Accommodation.Domain", "HotelRepository\Accommodation.Domain.csproj", "{4086CB24-869B-4848-B612-B2C632549A07}"
EndProject
Project("{2150E333-8FDC-42A3-9474-1A3956D46DE8}") = "Infrastructure", "Infrastructure", "{224DFA11-9D47-4972-8ED4-2DEB348F1753}"
EndProject
Project("{FAE04EC0-301F-11D3-BF4B-00C04F79EFBC}") = "Accommodation.EF", "Accommodation.EF\Accommodation.EF.csproj", "{934F45A6-DD47-4879-8887-57646A03A252}"
EndProject
Project("{2150E333-8FDC-42A3-9474-1A3956D46DE8}") = "Application", "Application", "{AFBA5622-C58F-41C1-968D-DD245054AC76}"
EndProject
Project("{FAE04EC0-301F-11D3-BF4B-00C04F79EFBC}") = "Accommodation.Application", "Accommodation.Application\Accommodation.Application.csproj", "{D8C46186-F65C-4B03-A4C0-AEDDA6B40566}"
EndProject
Project("{FAE04EC0-301F-11D3-BF4B-00C04F79EFBC}") = "Accommodation.Application.Contract", "Accommodation.Application.Contract\Accommodation.Application.Contract.csproj", "{437595D7-1FC2-46AB-A672-93822AC07249}"
EndProject
Global
	GlobalSection(SolutionConfigurationPlatforms) = preSolution
		Debug|Any CPU = Debug|Any CPU
		Release|Any CPU = Release|Any CPU
	EndGlobalSection
	GlobalSection(ProjectConfigurationPlatforms) = postSolution
		{A3B9C2AF-C2E3-4AAC-A654-63073146DB13}.Debug|Any CPU.ActiveCfg = Debug|Any CPU
		{A3B9C2AF-C2E3-4AAC-A654-63073146DB13}.Debug|Any CPU.Build.0 = Debug|Any CPU
		{A3B9C2AF-C2E3-4AAC-A654-63073146DB13}.Release|Any CPU.ActiveCfg = Release|Any CPU
		{A3B9C2AF-C2E3-4AAC-A654-63073146DB13}.Release|Any CPU.Build.0 = Release|Any CPU
		{4086CB24-869B-4848-B612-B2C632549A07}.Debug|Any CPU.ActiveCfg = Debug|Any CPU
		{4086CB24-869B-4848-B612-B2C632549A07}.Debug|Any CPU.Build.0 = Debug|Any CPU
		{4086CB24-869B-4848-B612-B2C632549A07}.Release|Any CPU.ActiveCfg = Release|Any CPU
		{4086CB24-869B-4848-B612-B2C632549A07}.Release|Any CPU.Build.0 = Release|Any CPU
		{934F45A6-DD47-4879-8887-57646A03A252}.Debug|Any CPU.ActiveCfg = Debug|Any CPU
		{934F45A6-DD47-4879-8887-57646A03A252}.Debug|Any CPU.Build.0 = Debug|Any CPU
		{934F45A6-DD47-4879-8887-57646A03A252}.Release|Any CPU.ActiveCfg = Release|Any CPU
		{934F45A6-DD47-4879-8887-57646A03A252}.Release|Any CPU.Build.0 = Release|Any CPU
		{D8C46186-F65C-4B03-A4C0-AEDDA6B40566}.Debug|Any CPU.ActiveCfg = Debug|Any CPU
		{D8C46186-F65C-4B03-A4C0-AEDDA6B40566}.Debug|Any CPU.Build.0 = Debug|Any CPU
		{D8C46186-F65C-4B03-A4C0-AEDDA6B40566}.Release|Any CPU.ActiveCfg = Release|Any CPU
		{D8C46186-F65C-4B03-A4C0-AEDDA6B40566}.Release|Any CPU.Build.0 = Release|Any CPU
		{437595D7-1FC2-46AB-A672-93822AC07249}.Debug|Any CPU.ActiveCfg = Debug|Any CPU
		{437595D7-1FC2-46AB-A672-93822AC07249}.Debug|Any CPU.Build.0 = Debug|Any CPU
		{437595D7-1FC2-46AB-A672-93822AC07249}.Release|Any CPU.ActiveCfg = Release|Any CPU
		{437595D7-1FC2-46AB-A672-93822AC07249}.Release|Any CPU.Build.0 = Release|Any CPU
	EndGlobalSection
	GlobalSection(SolutionProperties) = preSolution
		HideSolutionNode = FALSE
	EndGlobalSection
	GlobalSection(NestedProjects) = preSolution
		{A3B9C2AF-C2E3-4AAC-A654-63073146DB13} = {539A1165-ADFA-4908-824D-ABA29D00DAC2}
		{4086CB24-869B-4848-B612-B2C632549A07} = {29EC6264-62E2-4D7C-A89A-88C2CDB2A6DC}
		{934F45A6-DD47-4879-8887-57646A03A252} = {224DFA11-9D47-4972-8ED4-2DEB348F1753}
		{D8C46186-F65C-4B03-A4C0-AEDDA6B40566} = {AFBA5622-C58F-41C1-968D-DD245054AC76}
		{437595D7-1FC2-46AB-A672-93822AC07249} = {AFBA5622-C58F-41C1-968D-DD245054AC76}
	EndGlobalSection
	GlobalSection(ExtensibilityGlobals) = postSolution
		SolutionGuid = {EEB2761A-4BDF-4709-8276-7A601D52990A}
	EndGlobalSection
EndGlobal
